
Microsoft Visual Studio Solution File, Format Version 12.00
# Visual Studio Version 17
VisualStudioVersion = 17.10.35122.118
MinimumVisualStudioVersion = 10.0.40219.1
Project("{FAE04EC0-301F-11D3-BF4B-00C04F79EFBC}") = "IHire.API", "IHire\IHire.API.csproj", "{45D6009D-7D6D-470C-AE2E-C70D09B57ADC}"
EndProject
Project("{FAE04EC0-301F-11D3-BF4B-00C04F79EFBC}") = "IHire.Core", "iHire.Core\IHire.Core.csproj", "{48C48A9B-68F6-4325-83ED-4D3C096DBA94}"
EndProject
Global
	GlobalSection(SolutionConfigurationPlatforms) = preSolution
		Debug|Any CPU = Debug|Any CPU
		Release|Any CPU = Release|Any CPU
	EndGlobalSection
	GlobalSection(ProjectConfigurationPlatforms) = postSolution
		{45D6009D-7D6D-470C-AE2E-C70D09B57ADC}.Debug|Any CPU.ActiveCfg = Debug|Any CPU
		{45D6009D-7D6D-470C-AE2E-C70D09B57ADC}.Debug|Any CPU.Build.0 = Debug|Any CPU
		{45D6009D-7D6D-470C-AE2E-C70D09B57ADC}.Release|Any CPU.ActiveCfg = Release|Any CPU
		{45D6009D-7D6D-470C-AE2E-C70D09B57ADC}.Release|Any CPU.Build.0 = Release|Any CPU
		{48C48A9B-68F6-4325-83ED-4D3C096DBA94}.Debug|Any CPU.ActiveCfg = Debug|Any CPU
		{48C48A9B-68F6-4325-83ED-4D3C096DBA94}.Debug|Any CPU.Build.0 = Debug|Any CPU
		{48C48A9B-68F6-4325-83ED-4D3C096DBA94}.Release|Any CPU.ActiveCfg = Release|Any CPU
		{48C48A9B-68F6-4325-83ED-4D3C096DBA94}.Release|Any CPU.Build.0 = Release|Any CPU
	EndGlobalSection
	GlobalSection(SolutionProperties) = preSolution
		HideSolutionNode = FALSE
	EndGlobalSection
	GlobalSection(ExtensibilityGlobals) = postSolution
		SolutionGuid = {4E2A5AEA-9CEC-4189-A640-391849F91503}
	EndGlobalSection
EndGlobal
